
Microsoft Visual Studio Solution File, Format Version 12.00
# Visual Studio Version 17
VisualStudioVersion = 17.14.36717.8 d17.14
MinimumVisualStudioVersion = 10.0.40219.1
Project("{FAE04EC0-301F-11D3-BF4B-00C04F79EFBC}") = "APIExam", "APIExam.csproj", "{D38DE349-4E5D-4C9E-A7B9-9A1709F0B670}"
EndProject
Global
	GlobalSection(SolutionConfigurationPlatforms) = preSolution
		Debug|Any CPU = Debug|Any CPU
		Release|Any CPU = Release|Any CPU
	EndGlobalSection
	GlobalSection(ProjectConfigurationPlatforms) = postSolution
		{D38DE349-4E5D-4C9E-A7B9-9A1709F0B670}.Debug|Any CPU.ActiveCfg = Debug|Any CPU
		{D38DE349-4E5D-4C9E-A7B9-9A1709F0B670}.Debug|Any CPU.Build.0 = Debug|Any CPU
		{D38DE349-4E5D-4C9E-A7B9-9A1709F0B670}.Release|Any CPU.ActiveCfg = Release|Any CPU
		{D38DE349-4E5D-4C9E-A7B9-9A1709F0B670}.Release|Any CPU.Build.0 = Release|Any CPU
	EndGlobalSection
	GlobalSection(SolutionProperties) = preSolution
		HideSolutionNode = FALSE
	EndGlobalSection
	GlobalSection(ExtensibilityGlobals) = postSolution
		SolutionGuid = {2BA814DB-E144-472F-85E2-7AFC59F98247}
	EndGlobalSection
EndGlobal
